
Microsoft Visual Studio Solution File, Format Version 12.00
# Visual Studio Version 16
VisualStudioVersion = 16.0.30320.27
MinimumVisualStudioVersion = 10.0.40219.1
Project("{9A19103F-16F7-4668-BE54-9A1E7A4F7556}") = "Interpreter", "Interpreter\Interpreter.csproj", "{26CCE181-1BD5-4E30-92EB-342D796B3957}"
EndProject
Project("{9A19103F-16F7-4668-BE54-9A1E7A4F7556}") = "Interpreter.Test", "Interpreter.Test\Interpreter.Test.csproj", "{3992DE78-51EC-4FF5-A662-2308F276975B}"
EndProject
Project("{2150E333-8FDC-42A3-9474-1A3956D46DE8}") = "Solution Items", "Solution Items", "{08DAF639-0052-41C9-A459-FD4DBE9DAB85}"
	ProjectSection(SolutionItems) = preProject
		README.md = README.md
	EndProjectSection
EndProject
Global
	GlobalSection(SolutionConfigurationPlatforms) = preSolution
		Debug|Any CPU = Debug|Any CPU
		Release|Any CPU = Release|Any CPU
	EndGlobalSection
	GlobalSection(ProjectConfigurationPlatforms) = postSolution
		{26CCE181-1BD5-4E30-92EB-342D796B3957}.Debug|Any CPU.ActiveCfg = Debug|Any CPU
		{26CCE181-1BD5-4E30-92EB-342D796B3957}.Debug|Any CPU.Build.0 = Debug|Any CPU
		{26CCE181-1BD5-4E30-92EB-342D796B3957}.Release|Any CPU.ActiveCfg = Release|Any CPU
		{26CCE181-1BD5-4E30-92EB-342D796B3957}.Release|Any CPU.Build.0 = Release|Any CPU
		{3992DE78-51EC-4FF5-A662-2308F276975B}.Debug|Any CPU.ActiveCfg = Debug|Any CPU
		{3992DE78-51EC-4FF5-A662-2308F276975B}.Debug|Any CPU.Build.0 = Debug|Any CPU
		{3992DE78-51EC-4FF5-A662-2308F276975B}.Release|Any CPU.ActiveCfg = Release|Any CPU
		{3992DE78-51EC-4FF5-A662-2308F276975B}.Release|Any CPU.Build.0 = Release|Any CPU
	EndGlobalSection
	GlobalSection(SolutionProperties) = preSolution
		HideSolutionNode = FALSE
	EndGlobalSection
	GlobalSection(ExtensibilityGlobals) = postSolution
		SolutionGuid = {9A73B691-426D-422A-AC50-24F3BC3C7E94}
	EndGlobalSection
EndGlobal
